
Microsoft Visual Studio Solution File, Format Version 12.00
# Visual Studio Version 17
VisualStudioVersion = 17.2.32630.192
MinimumVisualStudioVersion = 10.0.40219.1
Project("{FAE04EC0-301F-11D3-BF4B-00C04F79EFBC}") = "PharmApp.DAL", "PharmApp.DAL\PharmApp.DAL.csproj", "{D2C3B1D2-8593-4113-93AC-C382F1E8D6F1}"
EndProject
Project("{FAE04EC0-301F-11D3-BF4B-00C04F79EFBC}") = "PharmApp.Repositories", "PharmApp.Repositories\PharmApp.Repositories.csproj", "{42FA48ED-4B2F-4465-B0B0-F88D00430FB5}"
EndProject
Project("{FAE04EC0-301F-11D3-BF4B-00C04F79EFBC}") = "PharmApp.Models", "PharmApp.Models\PharmApp.Models.csproj", "{B1FD6175-1390-4760-BE06-97D77BD67AE7}"
EndProject
Project("{FAE04EC0-301F-11D3-BF4B-00C04F79EFBC}") = "PharmApp.Services", "PharmApp.Services\PharmApp.Services.csproj", "{B1197526-4C14-418D-9830-5CE1C79BAAAC}"
EndProject
Project("{FAE04EC0-301F-11D3-BF4B-00C04F79EFBC}") = "PharmApp.UI", "PharmApp.UI\PharmApp.UI.csproj", "{33E40CA4-FCF1-4725-BF53-8069A956D902}"
EndProject
Global
	GlobalSection(SolutionConfigurationPlatforms) = preSolution
		Debug|Any CPU = Debug|Any CPU
		Release|Any CPU = Release|Any CPU
	EndGlobalSection
	GlobalSection(ProjectConfigurationPlatforms) = postSolution
		{D2C3B1D2-8593-4113-93AC-C382F1E8D6F1}.Debug|Any CPU.ActiveCfg = Debug|Any CPU
		{D2C3B1D2-8593-4113-93AC-C382F1E8D6F1}.Debug|Any CPU.Build.0 = Debug|Any CPU
		{D2C3B1D2-8593-4113-93AC-C382F1E8D6F1}.Release|Any CPU.ActiveCfg = Release|Any CPU
		{D2C3B1D2-8593-4113-93AC-C382F1E8D6F1}.Release|Any CPU.Build.0 = Release|Any CPU
		{42FA48ED-4B2F-4465-B0B0-F88D00430FB5}.Debug|Any CPU.ActiveCfg = Debug|Any CPU
		{42FA48ED-4B2F-4465-B0B0-F88D00430FB5}.Debug|Any CPU.Build.0 = Debug|Any CPU
		{42FA48ED-4B2F-4465-B0B0-F88D00430FB5}.Release|Any CPU.ActiveCfg = Release|Any CPU
		{42FA48ED-4B2F-4465-B0B0-F88D00430FB5}.Release|Any CPU.Build.0 = Release|Any CPU
		{B1FD6175-1390-4760-BE06-97D77BD67AE7}.Debug|Any CPU.ActiveCfg = Debug|Any CPU
		{B1FD6175-1390-4760-BE06-97D77BD67AE7}.Debug|Any CPU.Build.0 = Debug|Any CPU
		{B1FD6175-1390-4760-BE06-97D77BD67AE7}.Release|Any CPU.ActiveCfg = Release|Any CPU
		{B1FD6175-1390-4760-BE06-97D77BD67AE7}.Release|Any CPU.Build.0 = Release|Any CPU
		{B1197526-4C14-418D-9830-5CE1C79BAAAC}.Debug|Any CPU.ActiveCfg = Debug|Any CPU
		{B1197526-4C14-418D-9830-5CE1C79BAAAC}.Debug|Any CPU.Build.0 = Debug|Any CPU
		{B1197526-4C14-418D-9830-5CE1C79BAAAC}.Release|Any CPU.ActiveCfg = Release|Any CPU
		{B1197526-4C14-418D-9830-5CE1C79BAAAC}.Release|Any CPU.Build.0 = Release|Any CPU
		{33E40CA4-FCF1-4725-BF53-8069A956D902}.Debug|Any CPU.ActiveCfg = Debug|Any CPU
		{33E40CA4-FCF1-4725-BF53-8069A956D902}.Debug|Any CPU.Build.0 = Debug|Any CPU
		{33E40CA4-FCF1-4725-BF53-8069A956D902}.Release|Any CPU.ActiveCfg = Release|Any CPU
		{33E40CA4-FCF1-4725-BF53-8069A956D902}.Release|Any CPU.Build.0 = Release|Any CPU
	EndGlobalSection
	GlobalSection(SolutionProperties) = preSolution
		HideSolutionNode = FALSE
	EndGlobalSection
	GlobalSection(ExtensibilityGlobals) = postSolution
		SolutionGuid = {E3CDC928-5DD5-4F2B-865F-22A2643AA603}
	EndGlobalSection
EndGlobal
